
Microsoft Visual Studio Solution File, Format Version 12.00
# Visual Studio Version 17
VisualStudioVersion = 17.13.35825.156 d17.13
MinimumVisualStudioVersion = 10.0.40219.1
Project("{FAE04EC0-301F-11D3-BF4B-00C04F79EFBC}") = "ProjectUnitTesting", "ProjectUnitTesting\ProjectUnitTesting.csproj", "{F0A814F8-BD8A-4CF0-BCDA-73113D4D28C4}"
EndProject
Project("{FAE04EC0-301F-11D3-BF4B-00C04F79EFBC}") = "ProjectUnitTesting.test", "ProjectUnitTesting.test\ProjectUnitTesting.test.csproj", "{F7A97195-D917-45A5-BD4D-874A059964BA}"
EndProject
Global
	GlobalSection(SolutionConfigurationPlatforms) = preSolution
		Debug|Any CPU = Debug|Any CPU
		Release|Any CPU = Release|Any CPU
	EndGlobalSection
	GlobalSection(ProjectConfigurationPlatforms) = postSolution
		{F0A814F8-BD8A-4CF0-BCDA-73113D4D28C4}.Debug|Any CPU.ActiveCfg = Debug|Any CPU
		{F0A814F8-BD8A-4CF0-BCDA-73113D4D28C4}.Debug|Any CPU.Build.0 = Debug|Any CPU
		{F0A814F8-BD8A-4CF0-BCDA-73113D4D28C4}.Release|Any CPU.ActiveCfg = Release|Any CPU
		{F0A814F8-BD8A-4CF0-BCDA-73113D4D28C4}.Release|Any CPU.Build.0 = Release|Any CPU
		{F7A97195-D917-45A5-BD4D-874A059964BA}.Debug|Any CPU.ActiveCfg = Debug|Any CPU
		{F7A97195-D917-45A5-BD4D-874A059964BA}.Debug|Any CPU.Build.0 = Debug|Any CPU
		{F7A97195-D917-45A5-BD4D-874A059964BA}.Release|Any CPU.ActiveCfg = Release|Any CPU
		{F7A97195-D917-45A5-BD4D-874A059964BA}.Release|Any CPU.Build.0 = Release|Any CPU
	EndGlobalSection
	GlobalSection(SolutionProperties) = preSolution
		HideSolutionNode = FALSE
	EndGlobalSection
	GlobalSection(ExtensibilityGlobals) = postSolution
		SolutionGuid = {542A5EA1-3245-4496-8F12-DF51DE22525C}
	EndGlobalSection
EndGlobal
